
Microsoft Visual Studio Solution File, Format Version 12.00
# Visual Studio Version 17
VisualStudioVersion = 17.13.35913.81 d17.13
MinimumVisualStudioVersion = 10.0.40219.1
Project("{FAE04EC0-301F-11D3-BF4B-00C04F79EFBC}") = "RoladorDados", "RoladorDados\RoladorDados.csproj", "{DA077A7E-CF7E-4D00-86D9-B95E9B59CCD1}"
EndProject
Global
	GlobalSection(SolutionConfigurationPlatforms) = preSolution
		Debug|Any CPU = Debug|Any CPU
		Release|Any CPU = Release|Any CPU
	EndGlobalSection
	GlobalSection(ProjectConfigurationPlatforms) = postSolution
		{DA077A7E-CF7E-4D00-86D9-B95E9B59CCD1}.Debug|Any CPU.ActiveCfg = Debug|Any CPU
		{DA077A7E-CF7E-4D00-86D9-B95E9B59CCD1}.Debug|Any CPU.Build.0 = Debug|Any CPU
		{DA077A7E-CF7E-4D00-86D9-B95E9B59CCD1}.Debug|Any CPU.Deploy.0 = Debug|Any CPU
		{DA077A7E-CF7E-4D00-86D9-B95E9B59CCD1}.Release|Any CPU.ActiveCfg = Release|Any CPU
		{DA077A7E-CF7E-4D00-86D9-B95E9B59CCD1}.Release|Any CPU.Build.0 = Release|Any CPU
		{DA077A7E-CF7E-4D00-86D9-B95E9B59CCD1}.Release|Any CPU.Deploy.0 = Release|Any CPU
	EndGlobalSection
	GlobalSection(SolutionProperties) = preSolution
		HideSolutionNode = FALSE
	EndGlobalSection
	GlobalSection(ExtensibilityGlobals) = postSolution
		SolutionGuid = {530DF439-A2DA-46FA-BD4A-4C5E1C3B0B31}
	EndGlobalSection
EndGlobal
